
Microsoft Visual Studio Solution File, Format Version 12.00
# Visual Studio for Mac
Project("{FAE04EC0-301F-11D3-BF4B-00C04F79EFBC}") = "Assembly-CSharp", "Assembly-CSharp.csproj", "{E44E6082-27CF-5E95-A0C7-176C5E1941D5}"
EndProject
Project("{FAE04EC0-301F-11D3-BF4B-00C04F79EFBC}") = "Assembly-CSharp-Editor", "Assembly-CSharp-Editor.csproj", "{25FC32F0-2E20-F8E7-78A6-0F8E5932E499}"
EndProject
Global
	GlobalSection(SolutionConfigurationPlatforms) = preSolution
		Debug|Any CPU = Debug|Any CPU
		Release|Any CPU = Release|Any CPU
	EndGlobalSection
	GlobalSection(ProjectConfigurationPlatforms) = postSolution
		{E44E6082-27CF-5E95-A0C7-176C5E1941D5}.Debug|Any CPU.ActiveCfg = Debug|Any CPU
		{E44E6082-27CF-5E95-A0C7-176C5E1941D5}.Debug|Any CPU.Build.0 = Debug|Any CPU
		{E44E6082-27CF-5E95-A0C7-176C5E1941D5}.Release|Any CPU.ActiveCfg = Release|Any CPU
		{E44E6082-27CF-5E95-A0C7-176C5E1941D5}.Release|Any CPU.Build.0 = Release|Any CPU
		{25FC32F0-2E20-F8E7-78A6-0F8E5932E499}.Debug|Any CPU.ActiveCfg = Debug|Any CPU
		{25FC32F0-2E20-F8E7-78A6-0F8E5932E499}.Debug|Any CPU.Build.0 = Debug|Any CPU
		{25FC32F0-2E20-F8E7-78A6-0F8E5932E499}.Release|Any CPU.ActiveCfg = Release|Any CPU
		{25FC32F0-2E20-F8E7-78A6-0F8E5932E499}.Release|Any CPU.Build.0 = Release|Any CPU
	EndGlobalSection
	GlobalSection(SolutionProperties) = preSolution
		HideSolutionNode = FALSE
	EndGlobalSection
EndGlobal
